
Microsoft Visual Studio Solution File, Format Version 12.00
# Visual Studio 15
Project("{FAE04EC0-301F-11D3-BF4B-00C04F79EFBC}") = "Assembly-CSharp", "Assembly-CSharp.csproj", "{9FCCB1F9-F724-266B-2616-38E80292D0DF}"
EndProject
Project("{FAE04EC0-301F-11D3-BF4B-00C04F79EFBC}") = "Assembly-CSharp-Editor", "Assembly-CSharp-Editor.csproj", "{FBB0739E-6655-12C6-B47B-5590AC0D7246}"
EndProject
Global
	GlobalSection(SolutionConfigurationPlatforms) = preSolution
		Debug|Any CPU = Debug|Any CPU
		Release|Any CPU = Release|Any CPU
	EndGlobalSection
	GlobalSection(ProjectConfigurationPlatforms) = postSolution
		{9FCCB1F9-F724-266B-2616-38E80292D0DF}.Debug|Any CPU.ActiveCfg = Debug|Any CPU
		{9FCCB1F9-F724-266B-2616-38E80292D0DF}.Debug|Any CPU.Build.0 = Debug|Any CPU
		{9FCCB1F9-F724-266B-2616-38E80292D0DF}.Release|Any CPU.ActiveCfg = Release|Any CPU
		{9FCCB1F9-F724-266B-2616-38E80292D0DF}.Release|Any CPU.Build.0 = Release|Any CPU
		{FBB0739E-6655-12C6-B47B-5590AC0D7246}.Debug|Any CPU.ActiveCfg = Debug|Any CPU
		{FBB0739E-6655-12C6-B47B-5590AC0D7246}.Debug|Any CPU.Build.0 = Debug|Any CPU
		{FBB0739E-6655-12C6-B47B-5590AC0D7246}.Release|Any CPU.ActiveCfg = Release|Any CPU
		{FBB0739E-6655-12C6-B47B-5590AC0D7246}.Release|Any CPU.Build.0 = Release|Any CPU
	EndGlobalSection
	GlobalSection(SolutionProperties) = preSolution
		HideSolutionNode = FALSE
	EndGlobalSection
EndGlobal
